
Microsoft Visual Studio Solution File, Format Version 12.00
# Visual Studio 14
VisualStudioVersion = 14.0.25420.1
MinimumVisualStudioVersion = 10.0.40219.1
Project("{FAE04EC0-301F-11D3-BF4B-00C04F79EFBC}") = "App1", "App1\App1\App1.csproj", "{B2397F07-D8EB-434A-B6DD-3DC33C575408}"
EndProject
Project("{FAE04EC0-301F-11D3-BF4B-00C04F79EFBC}") = "App1.Droid", "App1\App1.Droid\App1.Droid.csproj", "{8DA97CA5-70AE-47C0-9E3F-96798B2DBA6D}"
EndProject
Project("{FAE04EC0-301F-11D3-BF4B-00C04F79EFBC}") = "App1.iOS", "App1\App1.iOS\App1.iOS.csproj", "{D549FFF3-598E-4FBF-B068-BE19C441AF51}"
EndProject
Project("{FAE04EC0-301F-11D3-BF4B-00C04F79EFBC}") = "App1.WinPhone", "App1\App1.WinPhone\App1.WinPhone.csproj", "{BE885EB7-FEB7-4671-A91F-1A18BB234608}"
EndProject
Project("{FAE04EC0-301F-11D3-BF4B-00C04F79EFBC}") = "App1.UWP", "App1\App1.UWP\App1.UWP.csproj", "{AF8A62F2-F7E8-4029-82D1-9B0D0197505E}"
EndProject
Project("{FAE04EC0-301F-11D3-BF4B-00C04F79EFBC}") = "App1.Windows", "App1\App1.Windows\App1.Windows.csproj", "{CAAD7116-EE7D-44AD-9CB8-84976E4407DF}"
EndProject
Global
	GlobalSection(SolutionConfigurationPlatforms) = preSolution
		Ad-Hoc|Any CPU = Ad-Hoc|Any CPU
		Ad-Hoc|ARM = Ad-Hoc|ARM
		Ad-Hoc|iPhone = Ad-Hoc|iPhone
		Ad-Hoc|iPhoneSimulator = Ad-Hoc|iPhoneSimulator
		Ad-Hoc|x64 = Ad-Hoc|x64
		Ad-Hoc|x86 = Ad-Hoc|x86
		AppStore|Any CPU = AppStore|Any CPU
		AppStore|ARM = AppStore|ARM
		AppStore|iPhone = AppStore|iPhone
		AppStore|iPhoneSimulator = AppStore|iPhoneSimulator
		AppStore|x64 = AppStore|x64
		AppStore|x86 = AppStore|x86
		Debug|Any CPU = Debug|Any CPU
		Debug|ARM = Debug|ARM
		Debug|iPhone = Debug|iPhone
		Debug|iPhoneSimulator = Debug|iPhoneSimulator
		Debug|x64 = Debug|x64
		Debug|x86 = Debug|x86
		Release|Any CPU = Release|Any CPU
		Release|ARM = Release|ARM
		Release|iPhone = Release|iPhone
		Release|iPhoneSimulator = Release|iPhoneSimulator
		Release|x64 = Release|x64
		Release|x86 = Release|x86
	EndGlobalSection
	GlobalSection(ProjectConfigurationPlatforms) = postSolution
		{B2397F07-D8EB-434A-B6DD-3DC33C575408}.Ad-Hoc|Any CPU.ActiveCfg = Release|Any CPU
		{B2397F07-D8EB-434A-B6DD-3DC33C575408}.Ad-Hoc|Any CPU.Build.0 = Release|Any CPU
		{B2397F07-D8EB-434A-B6DD-3DC33C575408}.Ad-Hoc|ARM.ActiveCfg = Release|Any CPU
		{B2397F07-D8EB-434A-B6DD-3DC33C575408}.Ad-Hoc|ARM.Build.0 = Release|Any CPU
		{B2397F07-D8EB-434A-B6DD-3DC33C575408}.Ad-Hoc|iPhone.ActiveCfg = Release|Any CPU
		{B2397F07-D8EB-434A-B6DD-3DC33C575408}.Ad-Hoc|iPhone.Build.0 = Release|Any CPU
		{B2397F07-D8EB-434A-B6DD-3DC33C575408}.Ad-Hoc|iPhoneSimulator.ActiveCfg = Release|Any CPU
		{B2397F07-D8EB-434A-B6DD-3DC33C575408}.Ad-Hoc|iPhoneSimulator.Build.0 = Release|Any CPU
		{B2397F07-D8EB-434A-B6DD-3DC33C575408}.Ad-Hoc|x64.ActiveCfg = Release|Any CPU
		{B2397F07-D8EB-434A-B6DD-3DC33C575408}.Ad-Hoc|x64.Build.0 = Release|Any CPU
		{B2397F07-D8EB-434A-B6DD-3DC33C575408}.Ad-Hoc|x86.ActiveCfg = Release|Any CPU
		{B2397F07-D8EB-434A-B6DD-3DC33C575408}.Ad-Hoc|x86.Build.0 = Release|Any CPU
		{B2397F07-D8EB-434A-B6DD-3DC33C575408}.AppStore|Any CPU.ActiveCfg = Release|Any CPU
		{B2397F07-D8EB-434A-B6DD-3DC33C575408}.AppStore|Any CPU.Build.0 = Release|Any CPU
		{B2397F07-D8EB-434A-B6DD-3DC33C575408}.AppStore|ARM.ActiveCfg = Release|Any CPU
		{B2397F07-D8EB-434A-B6DD-3DC33C575408}.AppStore|ARM.Build.0 = Release|Any CPU
		{B2397F07-D8EB-434A-B6DD-3DC33C575408}.AppStore|iPhone.ActiveCfg = Release|Any CPU
		{B2397F07-D8EB-434A-B6DD-3DC33C575408}.AppStore|iPhone.Build.0 = Release|Any CPU
		{B2397F07-D8EB-434A-B6DD-3DC33C575408}.AppStore|iPhoneSimulator.ActiveCfg = Release|Any CPU
		{B2397F07-D8EB-434A-B6DD-3DC33C575408}.AppStore|iPhoneSimulator.Build.0 = Release|Any CPU
		{B2397F07-D8EB-434A-B6DD-3DC33C575408}.AppStore|x64.ActiveCfg = Release|Any CPU
		{B2397F07-D8EB-434A-B6DD-3DC33C575408}.AppStore|x64.Build.0 = Release|Any CPU
		{B2397F07-D8EB-434A-B6DD-3DC33C575408}.AppStore|x86.ActiveCfg = Release|Any CPU
		{B2397F07-D8EB-434A-B6DD-3DC33C575408}.AppStore|x86.Build.0 = Release|Any CPU
		{B2397F07-D8EB-434A-B6DD-3DC33C575408}.Debug|Any CPU.ActiveCfg = Debug|Any CPU
		{B2397F07-D8EB-434A-B6DD-3DC33C575408}.Debug|Any CPU.Build.0 = Debug|Any CPU
		{B2397F07-D8EB-434A-B6DD-3DC33C575408}.Debug|ARM.ActiveCfg = Debug|Any CPU
		{B2397F07-D8EB-434A-B6DD-3DC33C575408}.Debug|ARM.Build.0 = Debug|Any CPU
		{B2397F07-D8EB-434A-B6DD-3DC33C575408}.Debug|iPhone.ActiveCfg = Debug|Any CPU
		{B2397F07-D8EB-434A-B6DD-3DC33C575408}.Debug|iPhone.Build.0 = Debug|Any CPU
		{B2397F07-D8EB-434A-B6DD-3DC33C575408}.Debug|iPhoneSimulator.ActiveCfg = Debug|Any CPU
		{B2397F07-D8EB-434A-B6DD-3DC33C575408}.Debug|iPhoneSimulator.Build.0 = Debug|Any CPU
		{B2397F07-D8EB-434A-B6DD-3DC33C575408}.Debug|x64.ActiveCfg = Debug|Any CPU
		{B2397F07-D8EB-434A-B6DD-3DC33C575408}.Debug|x64.Build.0 = Debug|Any CPU
		{B2397F07-D8EB-434A-B6DD-3DC33C575408}.Debug|x86.ActiveCfg = Debug|Any CPU
		{B2397F07-D8EB-434A-B6DD-3DC33C575408}.Debug|x86.Build.0 = Debug|Any CPU
		{B2397F07-D8EB-434A-B6DD-3DC33C575408}.Release|Any CPU.ActiveCfg = Release|Any CPU
		{B2397F07-D8EB-434A-B6DD-3DC33C575408}.Release|Any CPU.Build.0 = Release|Any CPU
		{B2397F07-D8EB-434A-B6DD-3DC33C575408}.Release|ARM.ActiveCfg = Release|Any CPU
		{B2397F07-D8EB-434A-B6DD-3DC33C575408}.Release|ARM.Build.0 = Release|Any CPU
		{B2397F07-D8EB-434A-B6DD-3DC33C575408}.Release|iPhone.ActiveCfg = Release|Any CPU
		{B2397F07-D8EB-434A-B6DD-3DC33C575408}.Release|iPhone.Build.0 = Release|Any CPU
		{B2397F07-D8EB-434A-B6DD-3DC33C575408}.Release|iPhoneSimulator.ActiveCfg = Release|Any CPU
		{B2397F07-D8EB-434A-B6DD-3DC33C575408}.Release|iPhoneSimulator.Build.0 = Release|Any CPU
		{B2397F07-D8EB-434A-B6DD-3DC33C575408}.Release|x64.ActiveCfg = Release|Any CPU
		{B2397F07-D8EB-434A-B6DD-3DC33C575408}.Release|x64.Build.0 = Release|Any CPU
		{B2397F07-D8EB-434A-B6DD-3DC33C575408}.Release|x86.ActiveCfg = Release|Any CPU
		{B2397F07-D8EB-434A-B6DD-3DC33C575408}.Release|x86.Build.0 = Release|Any CPU
		{8DA97CA5-70AE-47C0-9E3F-96798B2DBA6D}.Ad-Hoc|Any CPU.ActiveCfg = Release|Any CPU
		{8DA97CA5-70AE-47C0-9E3F-96798B2DBA6D}.Ad-Hoc|Any CPU.Build.0 = Release|Any CPU
		{8DA97CA5-70AE-47C0-9E3F-96798B2DBA6D}.Ad-Hoc|Any CPU.Deploy.0 = Release|Any CPU
		{8DA97CA5-70AE-47C0-9E3F-96798B2DBA6D}.Ad-Hoc|ARM.ActiveCfg = Release|Any CPU
		{8DA97CA5-70AE-47C0-9E3F-96798B2DBA6D}.Ad-Hoc|ARM.Build.0 = Release|Any CPU
		{8DA97CA5-70AE-47C0-9E3F-96798B2DBA6D}.Ad-Hoc|ARM.Deploy.0 = Release|Any CPU
		{8DA97CA5-70AE-47C0-9E3F-96798B2DBA6D}.Ad-Hoc|iPhone.ActiveCfg = Release|Any CPU
		{8DA97CA5-70AE-47C0-9E3F-96798B2DBA6D}.Ad-Hoc|iPhone.Build.0 = Release|Any CPU
		{8DA97CA5-70AE-47C0-9E3F-96798B2DBA6D}.Ad-Hoc|iPhone.Deploy.0 = Release|Any CPU
		{8DA97CA5-70AE-47C0-9E3F-96798B2DBA6D}.Ad-Hoc|iPhoneSimulator.ActiveCfg = Release|Any CPU
		{8DA97CA5-70AE-47C0-9E3F-96798B2DBA6D}.Ad-Hoc|iPhoneSimulator.Build.0 = Release|Any CPU
		{8DA97CA5-70AE-47C0-9E3F-96798B2DBA6D}.Ad-Hoc|iPhoneSimulator.Deploy.0 = Release|Any CPU
		{8DA97CA5-70AE-47C0-9E3F-96798B2DBA6D}.Ad-Hoc|x64.ActiveCfg = Release|Any CPU
		{8DA97CA5-70AE-47C0-9E3F-96798B2DBA6D}.Ad-Hoc|x64.Build.0 = Release|Any CPU
		{8DA97CA5-70AE-47C0-9E3F-96798B2DBA6D}.Ad-Hoc|x64.Deploy.0 = Release|Any CPU
		{8DA97CA5-70AE-47C0-9E3F-96798B2DBA6D}.Ad-Hoc|x86.ActiveCfg = Release|Any CPU
		{8DA97CA5-70AE-47C0-9E3F-96798B2DBA6D}.Ad-Hoc|x86.Build.0 = Release|Any CPU
		{8DA97CA5-70AE-47C0-9E3F-96798B2DBA6D}.Ad-Hoc|x86.Deploy.0 = Release|Any CPU
		{8DA97CA5-70AE-47C0-9E3F-96798B2DBA6D}.AppStore|Any CPU.ActiveCfg = Release|Any CPU
		{8DA97CA5-70AE-47C0-9E3F-96798B2DBA6D}.AppStore|Any CPU.Build.0 = Release|Any CPU
		{8DA97CA5-70AE-47C0-9E3F-96798B2DBA6D}.AppStore|Any CPU.Deploy.0 = Release|Any CPU
		{8DA97CA5-70AE-47C0-9E3F-96798B2DBA6D}.AppStore|ARM.ActiveCfg = Release|Any CPU
		{8DA97CA5-70AE-47C0-9E3F-96798B2DBA6D}.AppStore|ARM.Build.0 = Release|Any CPU
		{8DA97CA5-70AE-47C0-9E3F-96798B2DBA6D}.AppStore|ARM.Deploy.0 = Release|Any CPU
		{8DA97CA5-70AE-47C0-9E3F-96798B2DBA6D}.AppStore|iPhone.ActiveCfg = Release|Any CPU
		{8DA97CA5-70AE-47C0-9E3F-96798B2DBA6D}.AppStore|iPhone.Build.0 = Release|Any CPU
		{8DA97CA5-70AE-47C0-9E3F-96798B2DBA6D}.AppStore|iPhone.Deploy.0 = Release|Any CPU
		{8DA97CA5-70AE-47C0-9E3F-96798B2DBA6D}.AppStore|iPhoneSimulator.ActiveCfg = Release|Any CPU
		{8DA97CA5-70AE-47C0-9E3F-96798B2DBA6D}.AppStore|iPhoneSimulator.Build.0 = Release|Any CPU
		{8DA97CA5-70AE-47C0-9E3F-96798B2DBA6D}.AppStore|iPhoneSimulator.Deploy.0 = Release|Any CPU
		{8DA97CA5-70AE-47C0-9E3F-96798B2DBA6D}.AppStore|x64.ActiveCfg = Release|Any CPU
		{8DA97CA5-70AE-47C0-9E3F-96798B2DBA6D}.AppStore|x64.Build.0 = Release|Any CPU
		{8DA97CA5-70AE-47C0-9E3F-96798B2DBA6D}.AppStore|x64.Deploy.0 = Release|Any CPU
		{8DA97CA5-70AE-47C0-9E3F-96798B2DBA6D}.AppStore|x86.ActiveCfg = Release|Any CPU
		{8DA97CA5-70AE-47C0-9E3F-96798B2DBA6D}.AppStore|x86.Build.0 = Release|Any CPU
		{8DA97CA5-70AE-47C0-9E3F-96798B2DBA6D}.AppStore|x86.Deploy.0 = Release|Any CPU
		{8DA97CA5-70AE-47C0-9E3F-96798B2DBA6D}.Debug|Any CPU.ActiveCfg = Debug|Any CPU
		{8DA97CA5-70AE-47C0-9E3F-96798B2DBA6D}.Debug|Any CPU.Build.0 = Debug|Any CPU
		{8DA97CA5-70AE-47C0-9E3F-96798B2DBA6D}.Debug|Any CPU.Deploy.0 = Debug|Any CPU
		{8DA97CA5-70AE-47C0-9E3F-96798B2DBA6D}.Debug|ARM.ActiveCfg = Debug|Any CPU
		{8DA97CA5-70AE-47C0-9E3F-96798B2DBA6D}.Debug|ARM.Build.0 = Debug|Any CPU
		{8DA97CA5-70AE-47C0-9E3F-96798B2DBA6D}.Debug|ARM.Deploy.0 = Debug|Any CPU
		{8DA97CA5-70AE-47C0-9E3F-96798B2DBA6D}.Debug|iPhone.ActiveCfg = Debug|Any CPU
		{8DA97CA5-70AE-47C0-9E3F-96798B2DBA6D}.Debug|iPhone.Build.0 = Debug|Any CPU
		{8DA97CA5-70AE-47C0-9E3F-96798B2DBA6D}.Debug|iPhone.Deploy.0 = Debug|Any CPU
		{8DA97CA5-70AE-47C0-9E3F-96798B2DBA6D}.Debug|iPhoneSimulator.ActiveCfg = Debug|Any CPU
		{8DA97CA5-70AE-47C0-9E3F-96798B2DBA6D}.Debug|iPhoneSimulator.Build.0 = Debug|Any CPU
		{8DA97CA5-70AE-47C0-9E3F-96798B2DBA6D}.Debug|iPhoneSimulator.Deploy.0 = Debug|Any CPU
		{8DA97CA5-70AE-47C0-9E3F-96798B2DBA6D}.Debug|x64.ActiveCfg = Debug|Any CPU
		{8DA97CA5-70AE-47C0-9E3F-96798B2DBA6D}.Debug|x64.Build.0 = Debug|Any CPU
		{8DA97CA5-70AE-47C0-9E3F-96798B2DBA6D}.Debug|x64.Deploy.0 = Debug|Any CPU
		{8DA97CA5-70AE-47C0-9E3F-96798B2DBA6D}.Debug|x86.ActiveCfg = Debug|Any CPU
		{8DA97CA5-70AE-47C0-9E3F-96798B2DBA6D}.Debug|x86.Build.0 = Debug|Any CPU
		{8DA97CA5-70AE-47C0-9E3F-96798B2DBA6D}.Debug|x86.Deploy.0 = Debug|Any CPU
		{8DA97CA5-70AE-47C0-9E3F-96798B2DBA6D}.Release|Any CPU.ActiveCfg = Release|Any CPU
		{8DA97CA5-70AE-47C0-9E3F-96798B2DBA6D}.Release|Any CPU.Build.0 = Release|Any CPU
		{8DA97CA5-70AE-47C0-9E3F-96798B2DBA6D}.Release|Any CPU.Deploy.0 = Release|Any CPU
		{8DA97CA5-70AE-47C0-9E3F-96798B2DBA6D}.Release|ARM.ActiveCfg = Release|Any CPU
		{8DA97CA5-70AE-47C0-9E3F-96798B2DBA6D}.Release|ARM.Build.0 = Release|Any CPU
		{8DA97CA5-70AE-47C0-9E3F-96798B2DBA6D}.Release|ARM.Deploy.0 = Release|Any CPU
		{8DA97CA5-70AE-47C0-9E3F-96798B2DBA6D}.Release|iPhone.ActiveCfg = Release|Any CPU
		{8DA97CA5-70AE-47C0-9E3F-96798B2DBA6D}.Release|iPhone.Build.0 = Release|Any CPU
		{8DA97CA5-70AE-47C0-9E3F-96798B2DBA6D}.Release|iPhone.Deploy.0 = Release|Any CPU
		{8DA97CA5-70AE-47C0-9E3F-96798B2DBA6D}.Release|iPhoneSimulator.ActiveCfg = Release|Any CPU
		{8DA97CA5-70AE-47C0-9E3F-96798B2DBA6D}.Release|iPhoneSimulator.Build.0 = Release|Any CPU
		{8DA97CA5-70AE-47C0-9E3F-96798B2DBA6D}.Release|iPhoneSimulator.Deploy.0 = Release|Any CPU
		{8DA97CA5-70AE-47C0-9E3F-96798B2DBA6D}.Release|x64.ActiveCfg = Release|Any CPU
		{8DA97CA5-70AE-47C0-9E3F-96798B2DBA6D}.Release|x64.Build.0 = Release|Any CPU
		{8DA97CA5-70AE-47C0-9E3F-96798B2DBA6D}.Release|x64.Deploy.0 = Release|Any CPU
		{8DA97CA5-70AE-47C0-9E3F-96798B2DBA6D}.Release|x86.ActiveCfg = Release|Any CPU
		{8DA97CA5-70AE-47C0-9E3F-96798B2DBA6D}.Release|x86.Build.0 = Release|Any CPU
		{8DA97CA5-70AE-47C0-9E3F-96798B2DBA6D}.Release|x86.Deploy.0 = Release|Any CPU
		{D549FFF3-598E-4FBF-B068-BE19C441AF51}.Ad-Hoc|Any CPU.ActiveCfg = Ad-Hoc|iPhone
		{D549FFF3-598E-4FBF-B068-BE19C441AF51}.Ad-Hoc|ARM.ActiveCfg = Ad-Hoc|iPhone
		{D549FFF3-598E-4FBF-B068-BE19C441AF51}.Ad-Hoc|iPhone.ActiveCfg = Ad-Hoc|iPhone
		{D549FFF3-598E-4FBF-B068-BE19C441AF51}.Ad-Hoc|iPhone.Build.0 = Ad-Hoc|iPhone
		{D549FFF3-598E-4FBF-B068-BE19C441AF51}.Ad-Hoc|iPhoneSimulator.ActiveCfg = Ad-Hoc|iPhoneSimulator
		{D549FFF3-598E-4FBF-B068-BE19C441AF51}.Ad-Hoc|iPhoneSimulator.Build.0 = Ad-Hoc|iPhoneSimulator
		{D549FFF3-598E-4FBF-B068-BE19C441AF51}.Ad-Hoc|x64.ActiveCfg = Ad-Hoc|iPhone
		{D549FFF3-598E-4FBF-B068-BE19C441AF51}.Ad-Hoc|x86.ActiveCfg = Ad-Hoc|iPhone
		{D549FFF3-598E-4FBF-B068-BE19C441AF51}.AppStore|Any CPU.ActiveCfg = AppStore|iPhone
		{D549FFF3-598E-4FBF-B068-BE19C441AF51}.AppStore|ARM.ActiveCfg = AppStore|iPhone
		{D549FFF3-598E-4FBF-B068-BE19C441AF51}.AppStore|iPhone.ActiveCfg = AppStore|iPhone
		{D549FFF3-598E-4FBF-B068-BE19C441AF51}.AppStore|iPhone.Build.0 = AppStore|iPhone
		{D549FFF3-598E-4FBF-B068-BE19C441AF51}.AppStore|iPhoneSimulator.ActiveCfg = AppStore|iPhoneSimulator
		{D549FFF3-598E-4FBF-B068-BE19C441AF51}.AppStore|iPhoneSimulator.Build.0 = AppStore|iPhoneSimulator
		{D549FFF3-598E-4FBF-B068-BE19C441AF51}.AppStore|x64.ActiveCfg = AppStore|iPhone
		{D549FFF3-598E-4FBF-B068-BE19C441AF51}.AppStore|x86.ActiveCfg = AppStore|iPhone
		{D549FFF3-598E-4FBF-B068-BE19C441AF51}.Debug|Any CPU.ActiveCfg = Debug|iPhone
		{D549FFF3-598E-4FBF-B068-BE19C441AF51}.Debug|ARM.ActiveCfg = Debug|iPhone
		{D549FFF3-598E-4FBF-B068-BE19C441AF51}.Debug|iPhone.ActiveCfg = Debug|iPhone
		{D549FFF3-598E-4FBF-B068-BE19C441AF51}.Debug|iPhone.Build.0 = Debug|iPhone
		{D549FFF3-598E-4FBF-B068-BE19C441AF51}.Debug|iPhoneSimulator.ActiveCfg = Debug|iPhoneSimulator
		{D549FFF3-598E-4FBF-B068-BE19C441AF51}.Debug|iPhoneSimulator.Build.0 = Debug|iPhoneSimulator
		{D549FFF3-598E-4FBF-B068-BE19C441AF51}.Debug|x64.ActiveCfg = Debug|iPhone
		{D549FFF3-598E-4FBF-B068-BE19C441AF51}.Debug|x86.ActiveCfg = Debug|iPhone
		{D549FFF3-598E-4FBF-B068-BE19C441AF51}.Release|Any CPU.ActiveCfg = Release|iPhone
		{D549FFF3-598E-4FBF-B068-BE19C441AF51}.Release|ARM.ActiveCfg = Release|iPhone
		{D549FFF3-598E-4FBF-B068-BE19C441AF51}.Release|iPhone.ActiveCfg = Release|iPhone
		{D549FFF3-598E-4FBF-B068-BE19C441AF51}.Release|iPhone.Build.0 = Release|iPhone
		{D549FFF3-598E-4FBF-B068-BE19C441AF51}.Release|iPhoneSimulator.ActiveCfg = Release|iPhoneSimulator
		{D549FFF3-598E-4FBF-B068-BE19C441AF51}.Release|iPhoneSimulator.Build.0 = Release|iPhoneSimulator
		{D549FFF3-598E-4FBF-B068-BE19C441AF51}.Release|x64.ActiveCfg = Release|iPhone
		{D549FFF3-598E-4FBF-B068-BE19C441AF51}.Release|x86.ActiveCfg = Release|iPhone
		{BE885EB7-FEB7-4671-A91F-1A18BB234608}.Ad-Hoc|Any CPU.ActiveCfg = Release|Any CPU
		{BE885EB7-FEB7-4671-A91F-1A18BB234608}.Ad-Hoc|Any CPU.Build.0 = Release|Any CPU
		{BE885EB7-FEB7-4671-A91F-1A18BB234608}.Ad-Hoc|Any CPU.Deploy.0 = Release|Any CPU
		{BE885EB7-FEB7-4671-A91F-1A18BB234608}.Ad-Hoc|ARM.ActiveCfg = Release|ARM
		{BE885EB7-FEB7-4671-A91F-1A18BB234608}.Ad-Hoc|ARM.Build.0 = Release|ARM
		{BE885EB7-FEB7-4671-A91F-1A18BB234608}.Ad-Hoc|ARM.Deploy.0 = Release|ARM
		{BE885EB7-FEB7-4671-A91F-1A18BB234608}.Ad-Hoc|iPhone.ActiveCfg = Release|Any CPU
		{BE885EB7-FEB7-4671-A91F-1A18BB234608}.Ad-Hoc|iPhone.Build.0 = Release|Any CPU
		{BE885EB7-FEB7-4671-A91F-1A18BB234608}.Ad-Hoc|iPhone.Deploy.0 = Release|Any CPU
		{BE885EB7-FEB7-4671-A91F-1A18BB234608}.Ad-Hoc|iPhoneSimulator.ActiveCfg = Release|Any CPU
		{BE885EB7-FEB7-4671-A91F-1A18BB234608}.Ad-Hoc|iPhoneSimulator.Build.0 = Release|Any CPU
		{BE885EB7-FEB7-4671-A91F-1A18BB234608}.Ad-Hoc|iPhoneSimulator.Deploy.0 = Release|Any CPU
		{BE885EB7-FEB7-4671-A91F-1A18BB234608}.Ad-Hoc|x64.ActiveCfg = Release|Any CPU
		{BE885EB7-FEB7-4671-A91F-1A18BB234608}.Ad-Hoc|x64.Build.0 = Release|Any CPU
		{BE885EB7-FEB7-4671-A91F-1A18BB234608}.Ad-Hoc|x64.Deploy.0 = Release|Any CPU
		{BE885EB7-FEB7-4671-A91F-1A18BB234608}.Ad-Hoc|x86.ActiveCfg = Release|x86
		{BE885EB7-FEB7-4671-A91F-1A18BB234608}.Ad-Hoc|x86.Build.0 = Release|x86
		{BE885EB7-FEB7-4671-A91F-1A18BB234608}.Ad-Hoc|x86.Deploy.0 = Release|x86
		{BE885EB7-FEB7-4671-A91F-1A18BB234608}.AppStore|Any CPU.ActiveCfg = Release|Any CPU
		{BE885EB7-FEB7-4671-A91F-1A18BB234608}.AppStore|Any CPU.Build.0 = Release|Any CPU
		{BE885EB7-FEB7-4671-A91F-1A18BB234608}.AppStore|Any CPU.Deploy.0 = Release|Any CPU
		{BE885EB7-FEB7-4671-A91F-1A18BB234608}.AppStore|ARM.ActiveCfg = Release|ARM
		{BE885EB7-FEB7-4671-A91F-1A18BB234608}.AppStore|ARM.Build.0 = Release|ARM
		{BE885EB7-FEB7-4671-A91F-1A18BB234608}.AppStore|ARM.Deploy.0 = Release|ARM
		{BE885EB7-FEB7-4671-A91F-1A18BB234608}.AppStore|iPhone.ActiveCfg = Release|Any CPU
		{BE885EB7-FEB7-4671-A91F-1A18BB234608}.AppStore|iPhone.Build.0 = Release|Any CPU
		{BE885EB7-FEB7-4671-A91F-1A18BB234608}.AppStore|iPhone.Deploy.0 = Release|Any CPU
		{BE885EB7-FEB7-4671-A91F-1A18BB234608}.AppStore|iPhoneSimulator.ActiveCfg = Release|Any CPU
		{BE885EB7-FEB7-4671-A91F-1A18BB234608}.AppStore|iPhoneSimulator.Build.0 = Release|Any CPU
		{BE885EB7-FEB7-4671-A91F-1A18BB234608}.AppStore|iPhoneSimulator.Deploy.0 = Release|Any CPU
		{BE885EB7-FEB7-4671-A91F-1A18BB234608}.AppStore|x64.ActiveCfg = Release|Any CPU
		{BE885EB7-FEB7-4671-A91F-1A18BB234608}.AppStore|x64.Build.0 = Release|Any CPU
		{BE885EB7-FEB7-4671-A91F-1A18BB234608}.AppStore|x64.Deploy.0 = Release|Any CPU
		{BE885EB7-FEB7-4671-A91F-1A18BB234608}.AppStore|x86.ActiveCfg = Release|x86
		{BE885EB7-FEB7-4671-A91F-1A18BB234608}.AppStore|x86.Build.0 = Release|x86
		{BE885EB7-FEB7-4671-A91F-1A18BB234608}.AppStore|x86.Deploy.0 = Release|x86
		{BE885EB7-FEB7-4671-A91F-1A18BB234608}.Debug|Any CPU.ActiveCfg = Debug|Any CPU
		{BE885EB7-FEB7-4671-A91F-1A18BB234608}.Debug|Any CPU.Build.0 = Debug|Any CPU
		{BE885EB7-FEB7-4671-A91F-1A18BB234608}.Debug|Any CPU.Deploy.0 = Debug|Any CPU
		{BE885EB7-FEB7-4671-A91F-1A18BB234608}.Debug|ARM.ActiveCfg = Debug|ARM
		{BE885EB7-FEB7-4671-A91F-1A18BB234608}.Debug|ARM.Build.0 = Debug|ARM
		{BE885EB7-FEB7-4671-A91F-1A18BB234608}.Debug|ARM.Deploy.0 = Debug|ARM
		{BE885EB7-FEB7-4671-A91F-1A18BB234608}.Debug|iPhone.ActiveCfg = Debug|Any CPU
		{BE885EB7-FEB7-4671-A91F-1A18BB234608}.Debug|iPhone.Build.0 = Debug|Any CPU
		{BE885EB7-FEB7-4671-A91F-1A18BB234608}.Debug|iPhone.Deploy.0 = Debug|Any CPU
		{BE885EB7-FEB7-4671-A91F-1A18BB234608}.Debug|iPhoneSimulator.ActiveCfg = Debug|Any CPU
		{BE885EB7-FEB7-4671-A91F-1A18BB234608}.Debug|iPhoneSimulator.Build.0 = Debug|Any CPU
		{BE885EB7-FEB7-4671-A91F-1A18BB234608}.Debug|iPhoneSimulator.Deploy.0 = Debug|Any CPU
		{BE885EB7-FEB7-4671-A91F-1A18BB234608}.Debug|x64.ActiveCfg = Debug|Any CPU
		{BE885EB7-FEB7-4671-A91F-1A18BB234608}.Debug|x64.Build.0 = Debug|Any CPU
		{BE885EB7-FEB7-4671-A91F-1A18BB234608}.Debug|x64.Deploy.0 = Debug|Any CPU
		{BE885EB7-FEB7-4671-A91F-1A18BB234608}.Debug|x86.ActiveCfg = Debug|x86
		{BE885EB7-FEB7-4671-A91F-1A18BB234608}.Debug|x86.Build.0 = Debug|x86
		{BE885EB7-FEB7-4671-A91F-1A18BB234608}.Debug|x86.Deploy.0 = Debug|x86
		{BE885EB7-FEB7-4671-A91F-1A18BB234608}.Release|Any CPU.ActiveCfg = Release|Any CPU
		{BE885EB7-FEB7-4671-A91F-1A18BB234608}.Release|Any CPU.Build.0 = Release|Any CPU
		{BE885EB7-FEB7-4671-A91F-1A18BB234608}.Release|Any CPU.Deploy.0 = Release|Any CPU
		{BE885EB7-FEB7-4671-A91F-1A18BB234608}.Release|ARM.ActiveCfg = Release|ARM
		{BE885EB7-FEB7-4671-A91F-1A18BB234608}.Release|ARM.Build.0 = Release|ARM
		{BE885EB7-FEB7-4671-A91F-1A18BB234608}.Release|ARM.Deploy.0 = Release|ARM
		{BE885EB7-FEB7-4671-A91F-1A18BB234608}.Release|iPhone.ActiveCfg = Release|Any CPU
		{BE885EB7-FEB7-4671-A91F-1A18BB234608}.Release|iPhone.Build.0 = Release|Any CPU
		{BE885EB7-FEB7-4671-A91F-1A18BB234608}.Release|iPhone.Deploy.0 = Release|Any CPU
		{BE885EB7-FEB7-4671-A91F-1A18BB234608}.Release|iPhoneSimulator.ActiveCfg = Release|Any CPU
		{BE885EB7-FEB7-4671-A91F-1A18BB234608}.Release|iPhoneSimulator.Build.0 = Release|Any CPU
		{BE885EB7-FEB7-4671-A91F-1A18BB234608}.Release|iPhoneSimulator.Deploy.0 = Release|Any CPU
		{BE885EB7-FEB7-4671-A91F-1A18BB234608}.Release|x64.ActiveCfg = Release|Any CPU
		{BE885EB7-FEB7-4671-A91F-1A18BB234608}.Release|x64.Build.0 = Release|Any CPU
		{BE885EB7-FEB7-4671-A91F-1A18BB234608}.Release|x64.Deploy.0 = Release|Any CPU
		{BE885EB7-FEB7-4671-A91F-1A18BB234608}.Release|x86.ActiveCfg = Release|x86
		{BE885EB7-FEB7-4671-A91F-1A18BB234608}.Release|x86.Build.0 = Release|x86
		{BE885EB7-FEB7-4671-A91F-1A18BB234608}.Release|x86.Deploy.0 = Release|x86
		{AF8A62F2-F7E8-4029-82D1-9B0D0197505E}.Ad-Hoc|Any CPU.ActiveCfg = Release|x86
		{AF8A62F2-F7E8-4029-82D1-9B0D0197505E}.Ad-Hoc|Any CPU.Build.0 = Release|x86
		{AF8A62F2-F7E8-4029-82D1-9B0D0197505E}.Ad-Hoc|Any CPU.Deploy.0 = Release|x86
		{AF8A62F2-F7E8-4029-82D1-9B0D0197505E}.Ad-Hoc|ARM.ActiveCfg = Release|ARM
		{AF8A62F2-F7E8-4029-82D1-9B0D0197505E}.Ad-Hoc|ARM.Build.0 = Release|ARM
		{AF8A62F2-F7E8-4029-82D1-9B0D0197505E}.Ad-Hoc|ARM.Deploy.0 = Release|ARM
		{AF8A62F2-F7E8-4029-82D1-9B0D0197505E}.Ad-Hoc|iPhone.ActiveCfg = Release|x86
		{AF8A62F2-F7E8-4029-82D1-9B0D0197505E}.Ad-Hoc|iPhone.Build.0 = Release|x86
		{AF8A62F2-F7E8-4029-82D1-9B0D0197505E}.Ad-Hoc|iPhone.Deploy.0 = Release|x86
		{AF8A62F2-F7E8-4029-82D1-9B0D0197505E}.Ad-Hoc|iPhoneSimulator.ActiveCfg = Release|x86
		{AF8A62F2-F7E8-4029-82D1-9B0D0197505E}.Ad-Hoc|iPhoneSimulator.Build.0 = Release|x86
		{AF8A62F2-F7E8-4029-82D1-9B0D0197505E}.Ad-Hoc|iPhoneSimulator.Deploy.0 = Release|x86
		{AF8A62F2-F7E8-4029-82D1-9B0D0197505E}.Ad-Hoc|x64.ActiveCfg = Release|x64
		{AF8A62F2-F7E8-4029-82D1-9B0D0197505E}.Ad-Hoc|x64.Build.0 = Release|x64
		{AF8A62F2-F7E8-4029-82D1-9B0D0197505E}.Ad-Hoc|x64.Deploy.0 = Release|x64
		{AF8A62F2-F7E8-4029-82D1-9B0D0197505E}.Ad-Hoc|x86.ActiveCfg = Release|x86
		{AF8A62F2-F7E8-4029-82D1-9B0D0197505E}.Ad-Hoc|x86.Build.0 = Release|x86
		{AF8A62F2-F7E8-4029-82D1-9B0D0197505E}.Ad-Hoc|x86.Deploy.0 = Release|x86
		{AF8A62F2-F7E8-4029-82D1-9B0D0197505E}.AppStore|Any CPU.ActiveCfg = Release|x86
		{AF8A62F2-F7E8-4029-82D1-9B0D0197505E}.AppStore|Any CPU.Build.0 = Release|x86
		{AF8A62F2-F7E8-4029-82D1-9B0D0197505E}.AppStore|Any CPU.Deploy.0 = Release|x86
		{AF8A62F2-F7E8-4029-82D1-9B0D0197505E}.AppStore|ARM.ActiveCfg = Release|ARM
		{AF8A62F2-F7E8-4029-82D1-9B0D0197505E}.AppStore|ARM.Build.0 = Release|ARM
		{AF8A62F2-F7E8-4029-82D1-9B0D0197505E}.AppStore|ARM.Deploy.0 = Release|ARM
		{AF8A62F2-F7E8-4029-82D1-9B0D0197505E}.AppStore|iPhone.ActiveCfg = Release|x86
		{AF8A62F2-F7E8-4029-82D1-9B0D0197505E}.AppStore|iPhone.Build.0 = Release|x86
		{AF8A62F2-F7E8-4029-82D1-9B0D0197505E}.AppStore|iPhone.Deploy.0 = Release|x86
		{AF8A62F2-F7E8-4029-82D1-9B0D0197505E}.AppStore|iPhoneSimulator.ActiveCfg = Release|x86
		{AF8A62F2-F7E8-4029-82D1-9B0D0197505E}.AppStore|iPhoneSimulator.Build.0 = Release|x86
		{AF8A62F2-F7E8-4029-82D1-9B0D0197505E}.AppStore|iPhoneSimulator.Deploy.0 = Release|x86
		{AF8A62F2-F7E8-4029-82D1-9B0D0197505E}.AppStore|x64.ActiveCfg = Release|x64
		{AF8A62F2-F7E8-4029-82D1-9B0D0197505E}.AppStore|x64.Build.0 = Release|x64
		{AF8A62F2-F7E8-4029-82D1-9B0D0197505E}.AppStore|x64.Deploy.0 = Release|x64
		{AF8A62F2-F7E8-4029-82D1-9B0D0197505E}.AppStore|x86.ActiveCfg = Release|x86
		{AF8A62F2-F7E8-4029-82D1-9B0D0197505E}.AppStore|x86.Build.0 = Release|x86
		{AF8A62F2-F7E8-4029-82D1-9B0D0197505E}.AppStore|x86.Deploy.0 = Release|x86
		{AF8A62F2-F7E8-4029-82D1-9B0D0197505E}.Debug|Any CPU.ActiveCfg = Debug|x86
		{AF8A62F2-F7E8-4029-82D1-9B0D0197505E}.Debug|ARM.ActiveCfg = Debug|ARM
		{AF8A62F2-F7E8-4029-82D1-9B0D0197505E}.Debug|ARM.Build.0 = Debug|ARM
		{AF8A62F2-F7E8-4029-82D1-9B0D0197505E}.Debug|ARM.Deploy.0 = Debug|ARM
		{AF8A62F2-F7E8-4029-82D1-9B0D0197505E}.Debug|iPhone.ActiveCfg = Debug|x86
		{AF8A62F2-F7E8-4029-82D1-9B0D0197505E}.Debug|iPhoneSimulator.ActiveCfg = Debug|x86
		{AF8A62F2-F7E8-4029-82D1-9B0D0197505E}.Debug|x64.ActiveCfg = Debug|x64
		{AF8A62F2-F7E8-4029-82D1-9B0D0197505E}.Debug|x64.Build.0 = Debug|x64
		{AF8A62F2-F7E8-4029-82D1-9B0D0197505E}.Debug|x64.Deploy.0 = Debug|x64
		{AF8A62F2-F7E8-4029-82D1-9B0D0197505E}.Debug|x86.ActiveCfg = Debug|x86
		{AF8A62F2-F7E8-4029-82D1-9B0D0197505E}.Debug|x86.Build.0 = Debug|x86
		{AF8A62F2-F7E8-4029-82D1-9B0D0197505E}.Debug|x86.Deploy.0 = Debug|x86
		{AF8A62F2-F7E8-4029-82D1-9B0D0197505E}.Release|Any CPU.ActiveCfg = Release|x86
		{AF8A62F2-F7E8-4029-82D1-9B0D0197505E}.Release|ARM.ActiveCfg = Release|ARM
		{AF8A62F2-F7E8-4029-82D1-9B0D0197505E}.Release|ARM.Build.0 = Release|ARM
		{AF8A62F2-F7E8-4029-82D1-9B0D0197505E}.Release|ARM.Deploy.0 = Release|ARM
		{AF8A62F2-F7E8-4029-82D1-9B0D0197505E}.Release|iPhone.ActiveCfg = Release|x86
		{AF8A62F2-F7E8-4029-82D1-9B0D0197505E}.Release|iPhoneSimulator.ActiveCfg = Release|x86
		{AF8A62F2-F7E8-4029-82D1-9B0D0197505E}.Release|x64.ActiveCfg = Release|x64
		{AF8A62F2-F7E8-4029-82D1-9B0D0197505E}.Release|x64.Build.0 = Release|x64
		{AF8A62F2-F7E8-4029-82D1-9B0D0197505E}.Release|x64.Deploy.0 = Release|x64
		{AF8A62F2-F7E8-4029-82D1-9B0D0197505E}.Release|x86.ActiveCfg = Release|x86
		{AF8A62F2-F7E8-4029-82D1-9B0D0197505E}.Release|x86.Build.0 = Release|x86
		{AF8A62F2-F7E8-4029-82D1-9B0D0197505E}.Release|x86.Deploy.0 = Release|x86
		{CAAD7116-EE7D-44AD-9CB8-84976E4407DF}.Ad-Hoc|Any CPU.ActiveCfg = Release|Any CPU
		{CAAD7116-EE7D-44AD-9CB8-84976E4407DF}.Ad-Hoc|Any CPU.Build.0 = Release|Any CPU
		{CAAD7116-EE7D-44AD-9CB8-84976E4407DF}.Ad-Hoc|Any CPU.Deploy.0 = Release|Any CPU
		{CAAD7116-EE7D-44AD-9CB8-84976E4407DF}.Ad-Hoc|ARM.ActiveCfg = Release|ARM
		{CAAD7116-EE7D-44AD-9CB8-84976E4407DF}.Ad-Hoc|ARM.Build.0 = Release|ARM
		{CAAD7116-EE7D-44AD-9CB8-84976E4407DF}.Ad-Hoc|ARM.Deploy.0 = Release|ARM
		{CAAD7116-EE7D-44AD-9CB8-84976E4407DF}.Ad-Hoc|iPhone.ActiveCfg = Release|Any CPU
		{CAAD7116-EE7D-44AD-9CB8-84976E4407DF}.Ad-Hoc|iPhone.Build.0 = Release|Any CPU
		{CAAD7116-EE7D-44AD-9CB8-84976E4407DF}.Ad-Hoc|iPhone.Deploy.0 = Release|Any CPU
		{CAAD7116-EE7D-44AD-9CB8-84976E4407DF}.Ad-Hoc|iPhoneSimulator.ActiveCfg = Release|Any CPU
		{CAAD7116-EE7D-44AD-9CB8-84976E4407DF}.Ad-Hoc|iPhoneSimulator.Build.0 = Release|Any CPU
		{CAAD7116-EE7D-44AD-9CB8-84976E4407DF}.Ad-Hoc|iPhoneSimulator.Deploy.0 = Release|Any CPU
		{CAAD7116-EE7D-44AD-9CB8-84976E4407DF}.Ad-Hoc|x64.ActiveCfg = Release|x64
		{CAAD7116-EE7D-44AD-9CB8-84976E4407DF}.Ad-Hoc|x64.Build.0 = Release|x64
		{CAAD7116-EE7D-44AD-9CB8-84976E4407DF}.Ad-Hoc|x64.Deploy.0 = Release|x64
		{CAAD7116-EE7D-44AD-9CB8-84976E4407DF}.Ad-Hoc|x86.ActiveCfg = Release|x86
		{CAAD7116-EE7D-44AD-9CB8-84976E4407DF}.Ad-Hoc|x86.Build.0 = Release|x86
		{CAAD7116-EE7D-44AD-9CB8-84976E4407DF}.Ad-Hoc|x86.Deploy.0 = Release|x86
		{CAAD7116-EE7D-44AD-9CB8-84976E4407DF}.AppStore|Any CPU.ActiveCfg = Release|Any CPU
		{CAAD7116-EE7D-44AD-9CB8-84976E4407DF}.AppStore|Any CPU.Build.0 = Release|Any CPU
		{CAAD7116-EE7D-44AD-9CB8-84976E4407DF}.AppStore|Any CPU.Deploy.0 = Release|Any CPU
		{CAAD7116-EE7D-44AD-9CB8-84976E4407DF}.AppStore|ARM.ActiveCfg = Release|ARM
		{CAAD7116-EE7D-44AD-9CB8-84976E4407DF}.AppStore|ARM.Build.0 = Release|ARM
		{CAAD7116-EE7D-44AD-9CB8-84976E4407DF}.AppStore|ARM.Deploy.0 = Release|ARM
		{CAAD7116-EE7D-44AD-9CB8-84976E4407DF}.AppStore|iPhone.ActiveCfg = Release|Any CPU
		{CAAD7116-EE7D-44AD-9CB8-84976E4407DF}.AppStore|iPhone.Build.0 = Release|Any CPU
		{CAAD7116-EE7D-44AD-9CB8-84976E4407DF}.AppStore|iPhone.Deploy.0 = Release|Any CPU
		{CAAD7116-EE7D-44AD-9CB8-84976E4407DF}.AppStore|iPhoneSimulator.ActiveCfg = Release|Any CPU
		{CAAD7116-EE7D-44AD-9CB8-84976E4407DF}.AppStore|iPhoneSimulator.Build.0 = Release|Any CPU
		{CAAD7116-EE7D-44AD-9CB8-84976E4407DF}.AppStore|iPhoneSimulator.Deploy.0 = Release|Any CPU
		{CAAD7116-EE7D-44AD-9CB8-84976E4407DF}.AppStore|x64.ActiveCfg = Release|x64
		{CAAD7116-EE7D-44AD-9CB8-84976E4407DF}.AppStore|x64.Build.0 = Release|x64
		{CAAD7116-EE7D-44AD-9CB8-84976E4407DF}.AppStore|x64.Deploy.0 = Release|x64
		{CAAD7116-EE7D-44AD-9CB8-84976E4407DF}.AppStore|x86.ActiveCfg = Release|x86
		{CAAD7116-EE7D-44AD-9CB8-84976E4407DF}.AppStore|x86.Build.0 = Release|x86
		{CAAD7116-EE7D-44AD-9CB8-84976E4407DF}.AppStore|x86.Deploy.0 = Release|x86
		{CAAD7116-EE7D-44AD-9CB8-84976E4407DF}.Debug|Any CPU.ActiveCfg = Debug|Any CPU
		{CAAD7116-EE7D-44AD-9CB8-84976E4407DF}.Debug|Any CPU.Build.0 = Debug|Any CPU
		{CAAD7116-EE7D-44AD-9CB8-84976E4407DF}.Debug|Any CPU.Deploy.0 = Debug|Any CPU
		{CAAD7116-EE7D-44AD-9CB8-84976E4407DF}.Debug|ARM.ActiveCfg = Debug|ARM
		{CAAD7116-EE7D-44AD-9CB8-84976E4407DF}.Debug|ARM.Build.0 = Debug|ARM
		{CAAD7116-EE7D-44AD-9CB8-84976E4407DF}.Debug|ARM.Deploy.0 = Debug|ARM
		{CAAD7116-EE7D-44AD-9CB8-84976E4407DF}.Debug|iPhone.ActiveCfg = Debug|Any CPU
		{CAAD7116-EE7D-44AD-9CB8-84976E4407DF}.Debug|iPhone.Build.0 = Debug|Any CPU
		{CAAD7116-EE7D-44AD-9CB8-84976E4407DF}.Debug|iPhone.Deploy.0 = Debug|Any CPU
		{CAAD7116-EE7D-44AD-9CB8-84976E4407DF}.Debug|iPhoneSimulator.ActiveCfg = Debug|Any CPU
		{CAAD7116-EE7D-44AD-9CB8-84976E4407DF}.Debug|iPhoneSimulator.Build.0 = Debug|Any CPU
		{CAAD7116-EE7D-44AD-9CB8-84976E4407DF}.Debug|iPhoneSimulator.Deploy.0 = Debug|Any CPU
		{CAAD7116-EE7D-44AD-9CB8-84976E4407DF}.Debug|x64.ActiveCfg = Debug|x64
		{CAAD7116-EE7D-44AD-9CB8-84976E4407DF}.Debug|x64.Build.0 = Debug|x64
		{CAAD7116-EE7D-44AD-9CB8-84976E4407DF}.Debug|x64.Deploy.0 = Debug|x64
		{CAAD7116-EE7D-44AD-9CB8-84976E4407DF}.Debug|x86.ActiveCfg = Debug|x86
		{CAAD7116-EE7D-44AD-9CB8-84976E4407DF}.Debug|x86.Build.0 = Debug|x86
		{CAAD7116-EE7D-44AD-9CB8-84976E4407DF}.Debug|x86.Deploy.0 = Debug|x86
		{CAAD7116-EE7D-44AD-9CB8-84976E4407DF}.Release|Any CPU.ActiveCfg = Release|Any CPU
		{CAAD7116-EE7D-44AD-9CB8-84976E4407DF}.Release|Any CPU.Build.0 = Release|Any CPU
		{CAAD7116-EE7D-44AD-9CB8-84976E4407DF}.Release|Any CPU.Deploy.0 = Release|Any CPU
		{CAAD7116-EE7D-44AD-9CB8-84976E4407DF}.Release|ARM.ActiveCfg = Release|ARM
		{CAAD7116-EE7D-44AD-9CB8-84976E4407DF}.Release|ARM.Build.0 = Release|ARM
		{CAAD7116-EE7D-44AD-9CB8-84976E4407DF}.Release|ARM.Deploy.0 = Release|ARM
		{CAAD7116-EE7D-44AD-9CB8-84976E4407DF}.Release|iPhone.ActiveCfg = Release|Any CPU
		{CAAD7116-EE7D-44AD-9CB8-84976E4407DF}.Release|iPhone.Build.0 = Release|Any CPU
		{CAAD7116-EE7D-44AD-9CB8-84976E4407DF}.Release|iPhone.Deploy.0 = Release|Any CPU
		{CAAD7116-EE7D-44AD-9CB8-84976E4407DF}.Release|iPhoneSimulator.ActiveCfg = Release|Any CPU
		{CAAD7116-EE7D-44AD-9CB8-84976E4407DF}.Release|iPhoneSimulator.Build.0 = Release|Any CPU
		{CAAD7116-EE7D-44AD-9CB8-84976E4407DF}.Release|iPhoneSimulator.Deploy.0 = Release|Any CPU
		{CAAD7116-EE7D-44AD-9CB8-84976E4407DF}.Release|x64.ActiveCfg = Release|x64
		{CAAD7116-EE7D-44AD-9CB8-84976E4407DF}.Release|x64.Build.0 = Release|x64
		{CAAD7116-EE7D-44AD-9CB8-84976E4407DF}.Release|x64.Deploy.0 = Release|x64
		{CAAD7116-EE7D-44AD-9CB8-84976E4407DF}.Release|x86.ActiveCfg = Release|x86
		{CAAD7116-EE7D-44AD-9CB8-84976E4407DF}.Release|x86.Build.0 = Release|x86
		{CAAD7116-EE7D-44AD-9CB8-84976E4407DF}.Release|x86.Deploy.0 = Release|x86
	EndGlobalSection
	GlobalSection(SolutionProperties) = preSolution
		HideSolutionNode = FALSE
	EndGlobalSection
EndGlobal
